
Microsoft Visual Studio Solution File, Format Version 12.00
# Visual Studio Version 17
VisualStudioVersion = 17.11.35312.102
MinimumVisualStudioVersion = 10.0.40219.1
Project("{9A19103F-16F7-4668-BE54-9A1E7A4F7556}") = "Playable", "Playable\Playable.csproj", "{0457E297-BE3D-4185-82C8-8CC3DD18D48A}"
EndProject
Project("{9A19103F-16F7-4668-BE54-9A1E7A4F7556}") = "Playable.Graphics", "Playable.Renderer\Playable.Graphics.csproj", "{31750FF3-F440-47B7-B5A4-77F85F05FE44}"
EndProject
Project("{9A19103F-16F7-4668-BE54-9A1E7A4F7556}") = "Playable.Audio", "Playable.Audio\Playable.Audio.csproj", "{F98A4E0F-3ED7-401B-839A-28C4869944AD}"
EndProject
Project("{9A19103F-16F7-4668-BE54-9A1E7A4F7556}") = "Playable.Logger", "Playable.Logger\Playable.Logger.csproj", "{F9912602-7417-4BAA-A83D-D859408B6C3D}"
EndProject
Project("{9A19103F-16F7-4668-BE54-9A1E7A4F7556}") = "Playable.Scripting", "Playable.Scripting\Playable.Scripting.csproj", "{8F8A36CC-BA95-4C6B-AEF9-21E0F41DBCBA}"
EndProject
Project("{FAE04EC0-301F-11D3-BF4B-00C04F79EFBC}") = "Playable.Physics", "Playable.Physics\Playable.Physics.csproj", "{163F9561-BFB2-4A2A-AB29-6D591DB8CB01}"
EndProject
Global
	GlobalSection(SolutionConfigurationPlatforms) = preSolution
		Debug|Any CPU = Debug|Any CPU
		Release|Any CPU = Release|Any CPU
	EndGlobalSection
	GlobalSection(ProjectConfigurationPlatforms) = postSolution
		{0457E297-BE3D-4185-82C8-8CC3DD18D48A}.Debug|Any CPU.ActiveCfg = Debug|Any CPU
		{0457E297-BE3D-4185-82C8-8CC3DD18D48A}.Debug|Any CPU.Build.0 = Debug|Any CPU
		{0457E297-BE3D-4185-82C8-8CC3DD18D48A}.Release|Any CPU.ActiveCfg = Release|Any CPU
		{0457E297-BE3D-4185-82C8-8CC3DD18D48A}.Release|Any CPU.Build.0 = Release|Any CPU
		{31750FF3-F440-47B7-B5A4-77F85F05FE44}.Debug|Any CPU.ActiveCfg = Debug|Any CPU
		{31750FF3-F440-47B7-B5A4-77F85F05FE44}.Debug|Any CPU.Build.0 = Debug|Any CPU
		{31750FF3-F440-47B7-B5A4-77F85F05FE44}.Release|Any CPU.ActiveCfg = Release|Any CPU
		{31750FF3-F440-47B7-B5A4-77F85F05FE44}.Release|Any CPU.Build.0 = Release|Any CPU
		{F98A4E0F-3ED7-401B-839A-28C4869944AD}.Debug|Any CPU.ActiveCfg = Debug|Any CPU
		{F98A4E0F-3ED7-401B-839A-28C4869944AD}.Debug|Any CPU.Build.0 = Debug|Any CPU
		{F98A4E0F-3ED7-401B-839A-28C4869944AD}.Release|Any CPU.ActiveCfg = Release|Any CPU
		{F98A4E0F-3ED7-401B-839A-28C4869944AD}.Release|Any CPU.Build.0 = Release|Any CPU
		{F9912602-7417-4BAA-A83D-D859408B6C3D}.Debug|Any CPU.ActiveCfg = Debug|Any CPU
		{F9912602-7417-4BAA-A83D-D859408B6C3D}.Debug|Any CPU.Build.0 = Debug|Any CPU
		{F9912602-7417-4BAA-A83D-D859408B6C3D}.Release|Any CPU.ActiveCfg = Release|Any CPU
		{F9912602-7417-4BAA-A83D-D859408B6C3D}.Release|Any CPU.Build.0 = Release|Any CPU
		{8F8A36CC-BA95-4C6B-AEF9-21E0F41DBCBA}.Debug|Any CPU.ActiveCfg = Debug|Any CPU
		{8F8A36CC-BA95-4C6B-AEF9-21E0F41DBCBA}.Debug|Any CPU.Build.0 = Debug|Any CPU
		{8F8A36CC-BA95-4C6B-AEF9-21E0F41DBCBA}.Release|Any CPU.ActiveCfg = Release|Any CPU
		{8F8A36CC-BA95-4C6B-AEF9-21E0F41DBCBA}.Release|Any CPU.Build.0 = Release|Any CPU
		{163F9561-BFB2-4A2A-AB29-6D591DB8CB01}.Debug|Any CPU.ActiveCfg = Debug|Any CPU
		{163F9561-BFB2-4A2A-AB29-6D591DB8CB01}.Debug|Any CPU.Build.0 = Debug|Any CPU
		{163F9561-BFB2-4A2A-AB29-6D591DB8CB01}.Release|Any CPU.ActiveCfg = Release|Any CPU
		{163F9561-BFB2-4A2A-AB29-6D591DB8CB01}.Release|Any CPU.Build.0 = Release|Any CPU
	EndGlobalSection
	GlobalSection(SolutionProperties) = preSolution
		HideSolutionNode = FALSE
	EndGlobalSection
	GlobalSection(ExtensibilityGlobals) = postSolution
		SolutionGuid = {8806981A-09DF-413B-838A-039D34AA481B}
	EndGlobalSection
EndGlobal
